
Microsoft Visual Studio Solution File, Format Version 12.00
# Visual Studio Version 17
VisualStudioVersion = 17.5.33530.505
MinimumVisualStudioVersion = 10.0.40219.1
Project("{9A19103F-16F7-4668-BE54-9A1E7A4F7556}") = "PointOfSale", "PointOfSale\PointOfSale.csproj", "{8F591E28-C867-4025-AFEB-28834532AA9D}"
EndProject
Project("{9A19103F-16F7-4668-BE54-9A1E7A4F7556}") = "PointOfSaleTests", "PointOfSaleTests\PointOfSaleTests.csproj", "{9FCB8B07-93C9-4F46-ACBD-F4C269AA06A7}"
EndProject
Project("{2150E333-8FDC-42A3-9474-1A3956D46DE8}") = "Solution Items", "Solution Items", "{F0950A81-EDD4-4A46-B31D-DD922ECB0EAB}"
	ProjectSection(SolutionItems) = preProject
		readme.md = readme.md
	EndProjectSection
EndProject
Global
	GlobalSection(SolutionConfigurationPlatforms) = preSolution
		Debug|Any CPU = Debug|Any CPU
		Release|Any CPU = Release|Any CPU
	EndGlobalSection
	GlobalSection(ProjectConfigurationPlatforms) = postSolution
		{8F591E28-C867-4025-AFEB-28834532AA9D}.Debug|Any CPU.ActiveCfg = Debug|Any CPU
		{8F591E28-C867-4025-AFEB-28834532AA9D}.Debug|Any CPU.Build.0 = Debug|Any CPU
		{8F591E28-C867-4025-AFEB-28834532AA9D}.Release|Any CPU.ActiveCfg = Release|Any CPU
		{8F591E28-C867-4025-AFEB-28834532AA9D}.Release|Any CPU.Build.0 = Release|Any CPU
		{9FCB8B07-93C9-4F46-ACBD-F4C269AA06A7}.Debug|Any CPU.ActiveCfg = Debug|Any CPU
		{9FCB8B07-93C9-4F46-ACBD-F4C269AA06A7}.Debug|Any CPU.Build.0 = Debug|Any CPU
		{9FCB8B07-93C9-4F46-ACBD-F4C269AA06A7}.Release|Any CPU.ActiveCfg = Release|Any CPU
		{9FCB8B07-93C9-4F46-ACBD-F4C269AA06A7}.Release|Any CPU.Build.0 = Release|Any CPU
	EndGlobalSection
	GlobalSection(SolutionProperties) = preSolution
		HideSolutionNode = FALSE
	EndGlobalSection
	GlobalSection(ExtensibilityGlobals) = postSolution
		SolutionGuid = {C80D5459-238D-468A-976E-3D59246E9814}
	EndGlobalSection
EndGlobal
